
Microsoft Visual Studio Solution File, Format Version 12.00
# Visual Studio Version 17
VisualStudioVersion = 17.6.33723.286
MinimumVisualStudioVersion = 10.0.40219.1
Project("{FAE04EC0-301F-11D3-BF4B-00C04F79EFBC}") = "AppFromXamarin.Android", "AppFromXamarin.Android\AppFromXamarin.Android.csproj", "{EA93BEC5-91DE-45AB-80E0-5BFB9238E8DA}"
EndProject
Project("{FAE04EC0-301F-11D3-BF4B-00C04F79EFBC}") = "AppFromXamarin.iOS", "AppFromXamarin.iOS\AppFromXamarin.iOS.csproj", "{55072FE1-82EA-4A20-A628-F4D1029933B1}"
EndProject
Project("{FAE04EC0-301F-11D3-BF4B-00C04F79EFBC}") = "AppFromXamarin", "AppFromXamarin\AppFromXamarin.csproj", "{686CB090-6187-40DD-A573-5C9164FE9B94}"
EndProject
Global
	GlobalSection(SolutionConfigurationPlatforms) = preSolution
		Debug|Any CPU = Debug|Any CPU
		Debug|iPhone = Debug|iPhone
		Debug|iPhoneSimulator = Debug|iPhoneSimulator
		Release|Any CPU = Release|Any CPU
		Release|iPhone = Release|iPhone
		Release|iPhoneSimulator = Release|iPhoneSimulator
	EndGlobalSection
	GlobalSection(ProjectConfigurationPlatforms) = postSolution
		{EA93BEC5-91DE-45AB-80E0-5BFB9238E8DA}.Debug|Any CPU.ActiveCfg = Debug|Any CPU
		{EA93BEC5-91DE-45AB-80E0-5BFB9238E8DA}.Debug|Any CPU.Build.0 = Debug|Any CPU
		{EA93BEC5-91DE-45AB-80E0-5BFB9238E8DA}.Debug|Any CPU.Deploy.0 = Debug|Any CPU
		{EA93BEC5-91DE-45AB-80E0-5BFB9238E8DA}.Debug|iPhone.ActiveCfg = Debug|Any CPU
		{EA93BEC5-91DE-45AB-80E0-5BFB9238E8DA}.Debug|iPhone.Build.0 = Debug|Any CPU
		{EA93BEC5-91DE-45AB-80E0-5BFB9238E8DA}.Debug|iPhone.Deploy.0 = Debug|Any CPU
		{EA93BEC5-91DE-45AB-80E0-5BFB9238E8DA}.Debug|iPhoneSimulator.ActiveCfg = Debug|Any CPU
		{EA93BEC5-91DE-45AB-80E0-5BFB9238E8DA}.Debug|iPhoneSimulator.Build.0 = Debug|Any CPU
		{EA93BEC5-91DE-45AB-80E0-5BFB9238E8DA}.Debug|iPhoneSimulator.Deploy.0 = Debug|Any CPU
		{EA93BEC5-91DE-45AB-80E0-5BFB9238E8DA}.Release|Any CPU.ActiveCfg = Release|Any CPU
		{EA93BEC5-91DE-45AB-80E0-5BFB9238E8DA}.Release|Any CPU.Build.0 = Release|Any CPU
		{EA93BEC5-91DE-45AB-80E0-5BFB9238E8DA}.Release|Any CPU.Deploy.0 = Release|Any CPU
		{EA93BEC5-91DE-45AB-80E0-5BFB9238E8DA}.Release|iPhone.ActiveCfg = Release|Any CPU
		{EA93BEC5-91DE-45AB-80E0-5BFB9238E8DA}.Release|iPhone.Build.0 = Release|Any CPU
		{EA93BEC5-91DE-45AB-80E0-5BFB9238E8DA}.Release|iPhone.Deploy.0 = Release|Any CPU
		{EA93BEC5-91DE-45AB-80E0-5BFB9238E8DA}.Release|iPhoneSimulator.ActiveCfg = Release|Any CPU
		{EA93BEC5-91DE-45AB-80E0-5BFB9238E8DA}.Release|iPhoneSimulator.Build.0 = Release|Any CPU
		{EA93BEC5-91DE-45AB-80E0-5BFB9238E8DA}.Release|iPhoneSimulator.Deploy.0 = Release|Any CPU
		{55072FE1-82EA-4A20-A628-F4D1029933B1}.Debug|Any CPU.ActiveCfg = Debug|iPhone
		{55072FE1-82EA-4A20-A628-F4D1029933B1}.Debug|Any CPU.Build.0 = Debug|iPhone
		{55072FE1-82EA-4A20-A628-F4D1029933B1}.Debug|Any CPU.Deploy.0 = Debug|iPhone
		{55072FE1-82EA-4A20-A628-F4D1029933B1}.Debug|iPhone.ActiveCfg = Debug|iPhone
		{55072FE1-82EA-4A20-A628-F4D1029933B1}.Debug|iPhone.Build.0 = Debug|iPhone
		{55072FE1-82EA-4A20-A628-F4D1029933B1}.Debug|iPhone.Deploy.0 = Debug|iPhone
		{55072FE1-82EA-4A20-A628-F4D1029933B1}.Debug|iPhoneSimulator.ActiveCfg = Debug|iPhoneSimulator
		{55072FE1-82EA-4A20-A628-F4D1029933B1}.Debug|iPhoneSimulator.Build.0 = Debug|iPhoneSimulator
		{55072FE1-82EA-4A20-A628-F4D1029933B1}.Debug|iPhoneSimulator.Deploy.0 = Debug|iPhoneSimulator
		{55072FE1-82EA-4A20-A628-F4D1029933B1}.Release|Any CPU.ActiveCfg = Release|iPhoneSimulator
		{55072FE1-82EA-4A20-A628-F4D1029933B1}.Release|Any CPU.Build.0 = Release|iPhoneSimulator
		{55072FE1-82EA-4A20-A628-F4D1029933B1}.Release|Any CPU.Deploy.0 = Release|iPhoneSimulator
		{55072FE1-82EA-4A20-A628-F4D1029933B1}.Release|iPhone.ActiveCfg = Release|iPhone
		{55072FE1-82EA-4A20-A628-F4D1029933B1}.Release|iPhone.Build.0 = Release|iPhone
		{55072FE1-82EA-4A20-A628-F4D1029933B1}.Release|iPhone.Deploy.0 = Release|iPhone
		{55072FE1-82EA-4A20-A628-F4D1029933B1}.Release|iPhoneSimulator.ActiveCfg = Release|iPhoneSimulator
		{55072FE1-82EA-4A20-A628-F4D1029933B1}.Release|iPhoneSimulator.Build.0 = Release|iPhoneSimulator
		{55072FE1-82EA-4A20-A628-F4D1029933B1}.Release|iPhoneSimulator.Deploy.0 = Release|iPhoneSimulator
		{686CB090-6187-40DD-A573-5C9164FE9B94}.Debug|Any CPU.ActiveCfg = Debug|Any CPU
		{686CB090-6187-40DD-A573-5C9164FE9B94}.Debug|Any CPU.Build.0 = Debug|Any CPU
		{686CB090-6187-40DD-A573-5C9164FE9B94}.Debug|Any CPU.Deploy.0 = Debug|Any CPU
		{686CB090-6187-40DD-A573-5C9164FE9B94}.Debug|iPhone.ActiveCfg = Debug|Any CPU
		{686CB090-6187-40DD-A573-5C9164FE9B94}.Debug|iPhone.Build.0 = Debug|Any CPU
		{686CB090-6187-40DD-A573-5C9164FE9B94}.Debug|iPhone.Deploy.0 = Debug|Any CPU
		{686CB090-6187-40DD-A573-5C9164FE9B94}.Debug|iPhoneSimulator.ActiveCfg = Debug|Any CPU
		{686CB090-6187-40DD-A573-5C9164FE9B94}.Debug|iPhoneSimulator.Build.0 = Debug|Any CPU
		{686CB090-6187-40DD-A573-5C9164FE9B94}.Debug|iPhoneSimulator.Deploy.0 = Debug|Any CPU
		{686CB090-6187-40DD-A573-5C9164FE9B94}.Release|Any CPU.ActiveCfg = Release|Any CPU
		{686CB090-6187-40DD-A573-5C9164FE9B94}.Release|Any CPU.Build.0 = Release|Any CPU
		{686CB090-6187-40DD-A573-5C9164FE9B94}.Release|Any CPU.Deploy.0 = Release|Any CPU
		{686CB090-6187-40DD-A573-5C9164FE9B94}.Release|iPhone.ActiveCfg = Release|Any CPU
		{686CB090-6187-40DD-A573-5C9164FE9B94}.Release|iPhone.Build.0 = Release|Any CPU
		{686CB090-6187-40DD-A573-5C9164FE9B94}.Release|iPhone.Deploy.0 = Release|Any CPU
		{686CB090-6187-40DD-A573-5C9164FE9B94}.Release|iPhoneSimulator.ActiveCfg = Release|Any CPU
		{686CB090-6187-40DD-A573-5C9164FE9B94}.Release|iPhoneSimulator.Build.0 = Release|Any CPU
		{686CB090-6187-40DD-A573-5C9164FE9B94}.Release|iPhoneSimulator.Deploy.0 = Release|Any CPU
	EndGlobalSection
	GlobalSection(SolutionProperties) = preSolution
		HideSolutionNode = FALSE
	EndGlobalSection
	GlobalSection(ExtensibilityGlobals) = postSolution
		SolutionGuid = {490F27BA-3DE9-4EC5-8BD8-BFF80E10F696}
	EndGlobalSection
EndGlobal
